
Microsoft Visual Studio Solution File, Format Version 11.00
# Visual C# Express 2010
Project("{FAE04EC0-301F-11D3-BF4B-00C04F79EFBC}") = "UCRepoClassLibrary", "UCRepoClassLibrary\UCRepoClassLibrary.csproj", "{A64D67EF-90A8-4DED-AB43-5761AFC1BF92}"
EndProject
Global
	GlobalSection(SolutionConfigurationPlatforms) = preSolution
		Debug|Any CPU = Debug|Any CPU
		Release|Any CPU = Release|Any CPU
	EndGlobalSection
	GlobalSection(ProjectConfigurationPlatforms) = postSolution
		{A64D67EF-90A8-4DED-AB43-5761AFC1BF92}.Debug|Any CPU.ActiveCfg = Debug|Any CPU
		{A64D67EF-90A8-4DED-AB43-5761AFC1BF92}.Debug|Any CPU.Build.0 = Debug|Any CPU
		{A64D67EF-90A8-4DED-AB43-5761AFC1BF92}.Release|Any CPU.ActiveCfg = Release|Any CPU
		{A64D67EF-90A8-4DED-AB43-5761AFC1BF92}.Release|Any CPU.Build.0 = Release|Any CPU
	EndGlobalSection
	GlobalSection(SolutionProperties) = preSolution
		HideSolutionNode = FALSE
	EndGlobalSection
EndGlobal
